
Microsoft Visual Studio Solution File, Format Version 12.00
# Visual Studio Version 17
VisualStudioVersion = 17.13.35931.197 d17.13
MinimumVisualStudioVersion = 10.0.40219.1
Project("{FAE04EC0-301F-11D3-BF4B-00C04F79EFBC}") = "core", "core\core.csproj", "{687293CD-B175-410D-85AD-AB29292D97B4}"
	ProjectSection(ProjectDependencies) = postProject
		{73ECF448-314C-4D51-81E6-0A0A58C6A4B2} = {73ECF448-314C-4D51-81E6-0A0A58C6A4B2}
	EndProjectSection
EndProject
Project("{FAE04EC0-301F-11D3-BF4B-00C04F79EFBC}") = "Infrastructure", "Infrastructure\Infrastructure.csproj", "{AAB5FC8A-43E4-48C2-BD78-D7EE92036F11}"
	ProjectSection(ProjectDependencies) = postProject
		{73ECF448-314C-4D51-81E6-0A0A58C6A4B2} = {73ECF448-314C-4D51-81E6-0A0A58C6A4B2}
	EndProjectSection
EndProject
Project("{FAE04EC0-301F-11D3-BF4B-00C04F79EFBC}") = "Domain", "Domain\Domain.csproj", "{73ECF448-314C-4D51-81E6-0A0A58C6A4B2}"
EndProject
Project("{FAE04EC0-301F-11D3-BF4B-00C04F79EFBC}") = "Application", "Application\Application.csproj", "{DAE9E0A1-20F5-4347-AD65-C7BBDDAABF72}"
EndProject
Global
	GlobalSection(SolutionConfigurationPlatforms) = preSolution
		Debug|Any CPU = Debug|Any CPU
		Release|Any CPU = Release|Any CPU
	EndGlobalSection
	GlobalSection(ProjectConfigurationPlatforms) = postSolution
		{687293CD-B175-410D-85AD-AB29292D97B4}.Debug|Any CPU.ActiveCfg = Debug|Any CPU
		{687293CD-B175-410D-85AD-AB29292D97B4}.Debug|Any CPU.Build.0 = Debug|Any CPU
		{687293CD-B175-410D-85AD-AB29292D97B4}.Release|Any CPU.ActiveCfg = Release|Any CPU
		{687293CD-B175-410D-85AD-AB29292D97B4}.Release|Any CPU.Build.0 = Release|Any CPU
		{AAB5FC8A-43E4-48C2-BD78-D7EE92036F11}.Debug|Any CPU.ActiveCfg = Debug|Any CPU
		{AAB5FC8A-43E4-48C2-BD78-D7EE92036F11}.Debug|Any CPU.Build.0 = Debug|Any CPU
		{AAB5FC8A-43E4-48C2-BD78-D7EE92036F11}.Release|Any CPU.ActiveCfg = Release|Any CPU
		{AAB5FC8A-43E4-48C2-BD78-D7EE92036F11}.Release|Any CPU.Build.0 = Release|Any CPU
		{73ECF448-314C-4D51-81E6-0A0A58C6A4B2}.Debug|Any CPU.ActiveCfg = Debug|Any CPU
		{73ECF448-314C-4D51-81E6-0A0A58C6A4B2}.Debug|Any CPU.Build.0 = Debug|Any CPU
		{73ECF448-314C-4D51-81E6-0A0A58C6A4B2}.Release|Any CPU.ActiveCfg = Release|Any CPU
		{73ECF448-314C-4D51-81E6-0A0A58C6A4B2}.Release|Any CPU.Build.0 = Release|Any CPU
		{DAE9E0A1-20F5-4347-AD65-C7BBDDAABF72}.Debug|Any CPU.ActiveCfg = Debug|Any CPU
		{DAE9E0A1-20F5-4347-AD65-C7BBDDAABF72}.Debug|Any CPU.Build.0 = Debug|Any CPU
		{DAE9E0A1-20F5-4347-AD65-C7BBDDAABF72}.Release|Any CPU.ActiveCfg = Release|Any CPU
		{DAE9E0A1-20F5-4347-AD65-C7BBDDAABF72}.Release|Any CPU.Build.0 = Release|Any CPU
	EndGlobalSection
	GlobalSection(SolutionProperties) = preSolution
		HideSolutionNode = FALSE
	EndGlobalSection
	GlobalSection(ExtensibilityGlobals) = postSolution
		SolutionGuid = {BF9CF38C-CDBB-4D57-9944-68F15A01D5E3}
	EndGlobalSection
EndGlobal
